
Microsoft Visual Studio Solution File, Format Version 12.00
# Visual Studio 15
VisualStudioVersion = 15.0.28010.2046
MinimumVisualStudioVersion = 10.0.40219.1
Project("{888888A0-9F3D-457C-B088-3A5042F75D52}") = "Extraction", "Extraction\Extraction.pyproj", "{D5791EF8-ECD5-4FAB-8F76-05AD66B8C925}"
EndProject
Global
	GlobalSection(SolutionConfigurationPlatforms) = preSolution
		Debug|Any CPU = Debug|Any CPU
		Release|Any CPU = Release|Any CPU
	EndGlobalSection
	GlobalSection(ProjectConfigurationPlatforms) = postSolution
		{D5791EF8-ECD5-4FAB-8F76-05AD66B8C925}.Debug|Any CPU.ActiveCfg = Debug|Any CPU
		{D5791EF8-ECD5-4FAB-8F76-05AD66B8C925}.Release|Any CPU.ActiveCfg = Release|Any CPU
	EndGlobalSection
	GlobalSection(SolutionProperties) = preSolution
		HideSolutionNode = FALSE
	EndGlobalSection
	GlobalSection(ExtensibilityGlobals) = postSolution
		SolutionGuid = {7368D1FC-E526-446E-A9B0-C9F96E368E0B}
	EndGlobalSection
EndGlobal
